
Microsoft Visual Studio Solution File, Format Version 12.00
# Visual Studio Version 17
VisualStudioVersion = 17.12.35707.178 d17.12
MinimumVisualStudioVersion = 10.0.40219.1
Project("{FAE04EC0-301F-11D3-BF4B-00C04F79EFBC}") = "jurnalmod10_103022330124", "jurnalmod10_103022330124.csproj", "{964621AA-6528-479B-B7E6-3897495EDEEE}"
EndProject
Global
	GlobalSection(SolutionConfigurationPlatforms) = preSolution
		Debug|Any CPU = Debug|Any CPU
		Release|Any CPU = Release|Any CPU
	EndGlobalSection
	GlobalSection(ProjectConfigurationPlatforms) = postSolution
		{964621AA-6528-479B-B7E6-3897495EDEEE}.Debug|Any CPU.ActiveCfg = Debug|Any CPU
		{964621AA-6528-479B-B7E6-3897495EDEEE}.Debug|Any CPU.Build.0 = Debug|Any CPU
		{964621AA-6528-479B-B7E6-3897495EDEEE}.Release|Any CPU.ActiveCfg = Release|Any CPU
		{964621AA-6528-479B-B7E6-3897495EDEEE}.Release|Any CPU.Build.0 = Release|Any CPU
	EndGlobalSection
	GlobalSection(SolutionProperties) = preSolution
		HideSolutionNode = FALSE
	EndGlobalSection
EndGlobal
